
Microsoft Visual Studio Solution File, Format Version 12.00
# Visual Studio 15
VisualStudioVersion = 15.0.28307.421
MinimumVisualStudioVersion = 10.0.40219.1
Project("{FAE04EC0-301F-11D3-BF4B-00C04F79EFBC}") = "BeaconAndLoaves", "BeaconAndLoaves\BeaconAndLoaves.csproj", "{70013A2C-DDE8-4F78-B214-D433755B7A5B}"
EndProject
Global
	GlobalSection(SolutionConfigurationPlatforms) = preSolution
		Debug|Any CPU = Debug|Any CPU
		Release|Any CPU = Release|Any CPU
	EndGlobalSection
	GlobalSection(ProjectConfigurationPlatforms) = postSolution
		{70013A2C-DDE8-4F78-B214-D433755B7A5B}.Debug|Any CPU.ActiveCfg = Debug|Any CPU
		{70013A2C-DDE8-4F78-B214-D433755B7A5B}.Debug|Any CPU.Build.0 = Debug|Any CPU
		{70013A2C-DDE8-4F78-B214-D433755B7A5B}.Release|Any CPU.ActiveCfg = Release|Any CPU
		{70013A2C-DDE8-4F78-B214-D433755B7A5B}.Release|Any CPU.Build.0 = Release|Any CPU
	EndGlobalSection
	GlobalSection(SolutionProperties) = preSolution
		HideSolutionNode = FALSE
	EndGlobalSection
	GlobalSection(ExtensibilityGlobals) = postSolution
		SolutionGuid = {945AEEF9-C03D-4BB4-993B-03600F3AD0B4}
	EndGlobalSection
EndGlobal
